
Microsoft Visual Studio Solution File, Format Version 12.00
Project("{FAE04EC0-301F-11D3-BF4B-00C04F79EFBC}") = "Finch.Npgsql.Abstractions", "Finch.Npgsql.Abstractions\Finch.Npgsql.Abstractions.csproj", "{80BBFC36-2661-478E-A47D-3CF5149EB571}"
EndProject
Project("{FAE04EC0-301F-11D3-BF4B-00C04F79EFBC}") = "Finch.Npgsql.Generators", "Finch.Npgsql.Generators\Finch.Npgsql.Generators.csproj", "{2251861B-0595-4DCD-8C33-363DCF9BF263}"
EndProject
Project("{FAE04EC0-301F-11D3-BF4B-00C04F79EFBC}") = "Finch.Npgsql.Generators.Tests", "Finch.Npgsql.Generators.Tests\Finch.Npgsql.Generators.Tests.csproj", "{5077732C-BE6C-43CA-A235-64192C1BD25B}"
EndProject
Global
	GlobalSection(SolutionConfigurationPlatforms) = preSolution
		Debug|Any CPU = Debug|Any CPU
		Release|Any CPU = Release|Any CPU
	EndGlobalSection
	GlobalSection(ProjectConfigurationPlatforms) = postSolution
		{80BBFC36-2661-478E-A47D-3CF5149EB571}.Debug|Any CPU.ActiveCfg = Debug|Any CPU
		{80BBFC36-2661-478E-A47D-3CF5149EB571}.Debug|Any CPU.Build.0 = Debug|Any CPU
		{80BBFC36-2661-478E-A47D-3CF5149EB571}.Release|Any CPU.ActiveCfg = Release|Any CPU
		{80BBFC36-2661-478E-A47D-3CF5149EB571}.Release|Any CPU.Build.0 = Release|Any CPU
		{2251861B-0595-4DCD-8C33-363DCF9BF263}.Debug|Any CPU.ActiveCfg = Debug|Any CPU
		{2251861B-0595-4DCD-8C33-363DCF9BF263}.Debug|Any CPU.Build.0 = Debug|Any CPU
		{2251861B-0595-4DCD-8C33-363DCF9BF263}.Release|Any CPU.ActiveCfg = Release|Any CPU
		{2251861B-0595-4DCD-8C33-363DCF9BF263}.Release|Any CPU.Build.0 = Release|Any CPU
		{5077732C-BE6C-43CA-A235-64192C1BD25B}.Debug|Any CPU.ActiveCfg = Debug|Any CPU
		{5077732C-BE6C-43CA-A235-64192C1BD25B}.Debug|Any CPU.Build.0 = Debug|Any CPU
		{5077732C-BE6C-43CA-A235-64192C1BD25B}.Release|Any CPU.ActiveCfg = Release|Any CPU
		{5077732C-BE6C-43CA-A235-64192C1BD25B}.Release|Any CPU.Build.0 = Release|Any CPU
	EndGlobalSection
EndGlobal
